PODS:
  - AFNetworking (2.6.3):
    - AFNetworking/NSURLConnection (= 2.6.3)
    - AFNetworking/NSURLSession (= 2.6.3)
    - AFNetworking/Reachability (= 2.6.3)
    - AFNetworking/Security (= 2.6.3)
    - AFNetworking/Serialization (= 2.6.3)
    - AFNetworking/UIKit (= 2.6.3)
  - AFNetworking/NSURLConnection (2.6.3):
    - AFNetworking/Reachability
    - AFNetworking/Security
    - AFNetworking/Serialization
  - AFNetworking/NSURLSession (2.6.3):
    - AFNetworking/Reachability
    - AFNetworking/Security
    - AFNetworking/Serialization
  - AFNetworking/Reachability (2.6.3)
  - AFNetworking/Security (2.6.3)
  - AFNetworking/Serialization (2.6.3)
  - AFNetworking/UIKit (2.6.3):
    - AFNetworking/NSURLConnection
    - AFNetworking/NSURLSession
  - BaiduMapKit (3.2.1)
  - CHXBannerView (0.8.2)
  - DACircularProgress (2.3.1)
  - DOPDropDownMenu-Enhanced (1.0.0)
  - farwolf (0.0.1):
    - AFNetworking (~> 2.6.3)
    - GSKStretchyHeaderView (~> 0.12.2)
    - IQKeyboardManager (~> 4.0.6)
    - KoaPullToRefresh (~> 1.0.6)
    - LPPhotoViewer (~> 0.0.7)
    - Masonry (~> 0.6.3)
    - MBProgressHUD (~> 0.9.2)
    - MMDrawerController (~> 0.5.7)
    - SDCycleScrollView (~> 1.65)
    - SDWebImage (~> 3.8)
    - SRMonthPicker
    - TOCropViewController (~> 2.0.8)
    - UIViewController_PopUp (~> 0.0.2)
    - WeexSDK
    - YYModel
  - farwolf.business (0.0.1):
    - farwolf
    - TOCropViewController (~> 2.0.8)
  - farwolf.weex (0.0.1):
    - farwolf
    - Masonry (~> 0.6.3)
    - SDWebImage (~> 3.8)
    - WeexSDK
    - WXDevtool (~> 0.9.5)
  - FontAwesome+iOS (0.1.4)
  - FSCalendar (1.8.2)
  - GSKStretchyHeaderView (0.12.2)
  - IQKeyboardManager (4.0.8)
  - KoaPullToRefresh (1.0.6):
    - FontAwesome+iOS
  - LPPhotoViewer (0.0.7):
    - DACircularProgress (~> 2.3.1)
    - SDWebImage (~> 3.8)
  - Masonry (0.6.4)
  - MBProgressHUD (0.9.2)
  - MMDrawerController (0.5.7):
    - MMDrawerController/Core (= 0.5.7)
    - MMDrawerController/MMDrawerBarButtonItem (= 0.5.7)
    - MMDrawerController/MMDrawerVisualStates (= 0.5.7)
    - MMDrawerController/Subclass (= 0.5.7)
  - MMDrawerController/Core (0.5.7)
  - MMDrawerController/MMDrawerBarButtonItem (0.5.7):
    - MMDrawerController/Core
  - MMDrawerController/MMDrawerVisualStates (0.5.7):
    - MMDrawerController/Core
  - MMDrawerController/Subclass (0.5.7):
    - MMDrawerController/Core
  - PNChart (0.8.9):
    - UICountingLabel (~> 1.2.0)
  - SDCycleScrollView (1.65):
    - SDWebImage (~> 3.7)
  - SDWebImage (3.8.2):
    - SDWebImage/Core (= 3.8.2)
  - SDWebImage/Core (3.8.2)
  - SocketRocket (0.5.1)
  - SRMonthPicker (0.2.10)
  - SSLunarDate (0.0.1)
  - TOCropViewController (2.0.12)
  - UCZProgressView (1.0.2)
  - UICountingLabel (1.2.0)
  - UIViewController_PopUp (0.0.2)
  - WeexSDK (0.14.0):
    - SocketRocket
  - WXDevtool (0.9.5):
    - WeexSDK
  - YYModel (1.0.4)
  - YZHeaderScaleImage (1.0.1)

DEPENDENCIES:
  - AFNetworking (~> 2.6.3)
  - BaiduMapKit
  - CHXBannerView (~> 0.8.2)
  - DOPDropDownMenu-Enhanced (~> 1.0.0)
  - farwolf (from `farwolf`)
  - farwolf.business (from `farwolf.business`)
  - farwolf.weex (from `farwolf.weex`)
  - FSCalendar (~> 1.8.2)
  - GSKStretchyHeaderView (~> 0.12.2)
  - IQKeyboardManager (~> 4.0.6)
  - KoaPullToRefresh (~> 1.0.6)
  - LPPhotoViewer (~> 0.0.7)
  - Masonry
  - MBProgressHUD (~> 0.9.2)
  - MMDrawerController (~> 0.5.7)
  - PNChart (~> 0.8.8)
  - SDCycleScrollView (~> 1.65)
  - SDWebImage (~> 3.8)
  - SRMonthPicker
  - SSLunarDate (~> 0.0.1)
  - TOCropViewController (~> 2.0.8)
  - UCZProgressView
  - UIViewController_PopUp (~> 0.0.2)
  - WeexSDK (from `sdk`)
  - YYModel
  - YZHeaderScaleImage (~> 1.0.1)

EXTERNAL SOURCES:
  farwolf:
    :path: farwolf
  farwolf.business:
    :path: farwolf.business
  farwolf.weex:
    :path: farwolf.weex
  WeexSDK:
    :path: sdk

SPEC CHECKSUMS:
  AFNetworking: cb8d14a848e831097108418f5d49217339d4eb60
  BaiduMapKit: 9c748785aa3dddfc41dcb70c14b21ce32f680930
  CHXBannerView: eae70d57807943096c4d30f478c1562aea34c00e
  DACircularProgress: 4dd437c0fc3da5161cb289e07ac449493d41db71
  DOPDropDownMenu-Enhanced: 9ec473b16351b5b0b2d6ef87e7f666fe5ff54ad5
  farwolf: 0c5b94f9437e7b67e3951a7565ebf5c2fc8aea08
  farwolf.business: dac235353f260775f36ad022cb361d2a61fa951b
  farwolf.weex: 586976980385307a5f9af29ff23ceceb4a80bab4
  FontAwesome+iOS: 9070b682a9255ca0fdc34bcfb129ad0ba2b73b87
  FSCalendar: 5e348e1352f7513096812e4023e39b64b856bb7e
  GSKStretchyHeaderView: affdd9f3ae6d6f3cea31dccf604367c617d037ad
  IQKeyboardManager: 1a8189fa153bf09044355ee0ad36826f6767e7f7
  KoaPullToRefresh: b83ab0cd9ad8da426ed49ca7d48904ab778491f5
  LPPhotoViewer: 2da9329480ad2f23c6adbcbc0baee6620ed2bb7f
  Masonry: 281802d04d787ea2973179ee8bcb50500579ede2
  MBProgressHUD: 1569cf7ace17a8bac47aabfbb8580a49690386d1
  MMDrawerController: 7a4cf8e25596bf2434e03ce50d22a8608ddee6a1
  PNChart: 84774d225c2126ded6c93d4dbe6ae98c3a73c2d2
  SDCycleScrollView: f72904c77698a7f93a41bcbbc2d78b073bf7326c
  SDWebImage: 098e97e6176540799c27e804c96653ee0833d13c
  SocketRocket: d57c7159b83c3c6655745cd15302aa24b6bae531
  SRMonthPicker: d3c639e82f525f1c10d1ad7f4bbdf180d404942b
  SSLunarDate: d5d7d581f7e7e157c8d704a5f053b4ebcf760bba
  TOCropViewController: e6e31b38d785a901e5651a1e7fff71bcda6c5214
  UCZProgressView: 55836987c15ee6efb7cd6dfe297556602ee46c94
  UICountingLabel: 1db4e7d023e1762171eb226d6dff47a7a84f27aa
  UIViewController_PopUp: 1f5133c841e811103d6b3f143618f3a00080a590
  WeexSDK: 9cf37ece540e880cda31a8f13527ac26b490d3e2
  WXDevtool: 5135a5c6f4426fb635babb9eacfa14352bc66dc6
  YYModel: 2a7fdd96aaa4b86a824e26d0c517de8928c04b30
  YZHeaderScaleImage: 1ca4ed11644a4ccad7c4370de2fcbc8f6e145793

PODFILE CHECKSUM: f10720250630562f626c36dd704573461cf040cc

COCOAPODS: 1.1.1
